
Microsoft Visual Studio Solution File, Format Version 12.00
# Visual Studio 15
VisualStudioVersion = 15.0.28010.2026
MinimumVisualStudioVersion = 10.0.40219.1
Project("{FAE04EC0-301F-11D3-BF4B-00C04F79EFBC}") = "Circle_Belozub", "Circle_Belozub\Circle_Belozub.csproj", "{A3E164D6-43AB-4529-A0B0-3A24819EA772}"
EndProject
Global
	GlobalSection(SolutionConfigurationPlatforms) = preSolution
		Debug|Any CPU = Debug|Any CPU
		Release|Any CPU = Release|Any CPU
	EndGlobalSection
	GlobalSection(ProjectConfigurationPlatforms) = postSolution
		{A3E164D6-43AB-4529-A0B0-3A24819EA772}.Debug|Any CPU.ActiveCfg = Debug|Any CPU
		{A3E164D6-43AB-4529-A0B0-3A24819EA772}.Debug|Any CPU.Build.0 = Debug|Any CPU
		{A3E164D6-43AB-4529-A0B0-3A24819EA772}.Release|Any CPU.ActiveCfg = Release|Any CPU
		{A3E164D6-43AB-4529-A0B0-3A24819EA772}.Release|Any CPU.Build.0 = Release|Any CPU
	EndGlobalSection
	GlobalSection(SolutionProperties) = preSolution
		HideSolutionNode = FALSE
	EndGlobalSection
	GlobalSection(ExtensibilityGlobals) = postSolution
		SolutionGuid = {632B23FA-227D-43AD-9F18-9D95805EB675}
	EndGlobalSection
EndGlobal
