
Microsoft Visual Studio Solution File, Format Version 12.00
# Visual Studio 15
VisualStudioVersion = 15.0.28010.2026
MinimumVisualStudioVersion = 10.0.40219.1
Project("{FAE04EC0-301F-11D3-BF4B-00C04F79EFBC}") = "Inheritance_2v", "Inheritance_2v\Inheritance_2v.csproj", "{7B8B212C-38A5-4198-9C50-70A0BDE4A36B}"
EndProject
Global
	GlobalSection(SolutionConfigurationPlatforms) = preSolution
		Debug|Any CPU = Debug|Any CPU
		Release|Any CPU = Release|Any CPU
	EndGlobalSection
	GlobalSection(ProjectConfigurationPlatforms) = postSolution
		{7B8B212C-38A5-4198-9C50-70A0BDE4A36B}.Debug|Any CPU.ActiveCfg = Debug|Any CPU
		{7B8B212C-38A5-4198-9C50-70A0BDE4A36B}.Debug|Any CPU.Build.0 = Debug|Any CPU
		{7B8B212C-38A5-4198-9C50-70A0BDE4A36B}.Release|Any CPU.ActiveCfg = Release|Any CPU
		{7B8B212C-38A5-4198-9C50-70A0BDE4A36B}.Release|Any CPU.Build.0 = Release|Any CPU
	EndGlobalSection
	GlobalSection(SolutionProperties) = preSolution
		HideSolutionNode = FALSE
	EndGlobalSection
	GlobalSection(ExtensibilityGlobals) = postSolution
		SolutionGuid = {416EFFEC-C301-4B5D-879A-DB82ED42542B}
	EndGlobalSection
EndGlobal
